
Microsoft Visual Studio Solution File, Format Version 12.00
# Visual Studio Version 17
VisualStudioVersion = 17.11.35222.181
MinimumVisualStudioVersion = 10.0.40219.1
Project("{FAE04EC0-301F-11D3-BF4B-00C04F79EFBC}") = "FileUpload", "FileUpload\FileUpload.csproj", "{A8FB7125-A052-48B8-AA48-6E855B972125}"
EndProject
Global
	GlobalSection(SolutionConfigurationPlatforms) = preSolution
		Debug|Any CPU = Debug|Any CPU
		Release|Any CPU = Release|Any CPU
	EndGlobalSection
	GlobalSection(ProjectConfigurationPlatforms) = postSolution
		{A8FB7125-A052-48B8-AA48-6E855B972125}.Debug|Any CPU.ActiveCfg = Debug|Any CPU
		{A8FB7125-A052-48B8-AA48-6E855B972125}.Debug|Any CPU.Build.0 = Debug|Any CPU
		{A8FB7125-A052-48B8-AA48-6E855B972125}.Release|Any CPU.ActiveCfg = Release|Any CPU
		{A8FB7125-A052-48B8-AA48-6E855B972125}.Release|Any CPU.Build.0 = Release|Any CPU
	EndGlobalSection
	GlobalSection(SolutionProperties) = preSolution
		HideSolutionNode = FALSE
	EndGlobalSection
	GlobalSection(ExtensibilityGlobals) = postSolution
		SolutionGuid = {A20DC5D4-A9DF-449A-898D-45751AF6FE1C}
	EndGlobalSection
EndGlobal
